github.com/templatedop/githubrepo/dregex v0.0.0-20240220073342-4f032437cd6e h1:fDev1eW/1XmeVfCgg8H9uQ1wfXWngUpyRi/MDDZwN7A=
github.com/templatedop/githubrepo/dregex v0.0.0-20240220073342-4f032437cd6e/go.mod h1:F8MrnpT/Wo4FsMMKU6oIiSKaOs7TO4NXW5KxtuLpfps=
github.com/templatedop/githubrepo/dregex v0.0.0-20240312082426-e9be8a4ed7e9 h1:wLyBZ++5V7fOOD2B0xTALxx9J0ECAQRmFIP93eEWv3w=
github.com/templatedop/githubrepo/dregex v0.0.0-20240312082426-e9be8a4ed7e9/go.mod h1:F8MrnpT/Wo4FsMMKU6oIiSKaOs7TO4NXW5KxtuLpfps=
github.com/templatedop/githubrepo/dtime v0.0.0-20240220073342-4f032437cd6e h1:FNkfd5qze6lchjsQuGDGGOQYEeJ5WhjJq8CojrbbYho=
github.com/templatedop/githubrepo/dtime v0.0.0-20240220073342-4f032437cd6e/go.mod h1:jWrDW2KD/b17HhyXalzfm3/IPrQ5g2+11uJrM5nDoK0=
github.com/templatedop/githubrepo/dtime v0.0.0-20240312082141-4d9926671fa2 h1:F7N9QeY0SDAmLAKbtEc0ihvcn+wdlK0JpTB/Lefc33w=
github.com/templatedop/githubrepo/dtime v0.0.0-20240312082141-4d9926671fa2/go.mod h1:IsVrIDJAKrYaArPI9NfKFR9+SYJ1CN0z5MqCfj5CaO4=
github.com/templatedop/githubrepo/empty v0.0.0-20240220073252-a80fe7296960 h1:9IB9eXFmT4361+Mj4wr/MUNQqKy5sXxK8/MfESo4EvQ=
github.com/templatedop/githubrepo/empty v0.0.0-20240220073252-a80fe7296960/go.mod h1:L6sARw9s9Kmmtb9NCEz7NOAnlWX7RtVPK+rRsYwtBLA=
github.com/templatedop/githubrepo/empty v0.0.0-20240312082426-e9be8a4ed7e9 h1:n8AooLQ4ZoN5hORWXtn9feeUTiGntj6OA0skRdVIJ/o=
github.com/templatedop/githubrepo/empty v0.0.0-20240312082426-e9be8a4ed7e9/go.mod h1:nPWVjVch/fMWAJH7qhvHzBg6N+5bPsghW2RNx5elwdw=
github.com/templatedop/githubrepo/reflection v0.0.0-20240220073252-a80fe7296960 h1:3DpeWKa0ud5RuTXm/jVAVwVRSTsMHJqcRINssI/cwu8=
github.com/templatedop/githubrepo/reflection v0.0.0-20240220073252-a80fe7296960/go.mod h1:agYCQwb9Smn/J46uEKGzNTpFCl0NigZySpMbhger0uM=
github.com/templatedop/githubrepo/reflection v0.0.0-20240312080555-203ca2d09554 h1:UAMdo7MW7b3IPdRVw65eEIDJg+rdinCrY2y0CnWL+iA=
github.com/templatedop/githubrepo/reflection v0.0.0-20240312080555-203ca2d09554/go.mod h1:agYCQwb9Smn/J46uEKGzNTpFCl0NigZySpMbhger0uM=
github.com/templatedop/githubrepo/utils v0.0.0-20240220073342-4f032437cd6e h1:M59VvQqvHeUIXV2cQi7Yg+/cViQr8rbjG3hr6dKkwMY=
github.com/templatedop/githubrepo/utils v0.0.0-20240220073342-4f032437cd6e/go.mod h1:bmrFr484gUI8tp/kkOFViWwn1e+y74Z0B73NIyzJWpw=
github.com/templatedop/githubrepo/utils v0.0.0-20240312082426-e9be8a4ed7e9 h1:FeVLd5bNy2n2CUrPn5wh1QV+pKDXa0a344VAxXYr9p0=
github.com/templatedop/githubrepo/utils v0.0.0-20240312082426-e9be8a4ed7e9/go.mod h1:bmrFr484gUI8tp/kkOFViWwn1e+y74Z0B73NIyzJWpw=
