github.com/templatedop/githubrepo/empty v0.0.0-20240220073252-a80fe7296960 h1:9IB9eXFmT4361+Mj4wr/MUNQqKy5sXxK8/MfESo4EvQ=
github.com/templatedop/githubrepo/empty v0.0.0-20240220073252-a80fe7296960/go.mod h1:L6sARw9s9Kmmtb9NCEz7NOAnlWX7RtVPK+rRsYwtBLA=
github.com/templatedop/githubrepo/reflection v0.0.0-20240220073252-a80fe7296960 h1:3DpeWKa0ud5RuTXm/jVAVwVRSTsMHJqcRINssI/cwu8=
github.com/templatedop/githubrepo/reflection v0.0.0-20240220073252-a80fe7296960/go.mod h1:agYCQwb9Smn/J46uEKGzNTpFCl0NigZySpMbhger0uM=
